// !$*UTF8*$!
{
	archiveVersion = 1;
	classes = {
	};
	objectVersion = 46;
	objects = {

/* Begin PBXBuildFile section */
		01E232F81C5C71C700670E32 /* AppDelegate.swift in Sources */ = {isa = PBXBuildFile; fileRef = 01E232F71C5C71C700670E32 /* AppDelegate.swift */; };
		01E232FA1C5C71C700670E32 /* ViewController.swift in Sources */ = {isa = PBXBuildFile; fileRef = 01E232F91C5C71C700670E32 /* ViewController.swift */; };
		01E232FD1C5C71C700670E32 /* Main.storyboard in Resources */ = {isa = PBXBuildFile; fileRef = 01E232FB1C5C71C700670E32 /* Main.storyboard */; };
		01E233001C5C71C700670E32 /* test_workspace.xcdatamodeld in Sources */ = {isa = PBXBuildFile; fileRef = 01E232FE1C5C71C700670E32 /* test_workspace.xcdatamodeld */; };
		01E233021C5C71C700670E32 /* Assets.xcassets in Resources */ = {isa = PBXBuildFile; fileRef = 01E233011C5C71C700670E32 /* Assets.xcassets */; };
		01E233051C5C71C700670E32 /* LaunchScreen.storyboard in Resources */ = {isa = PBXBuildFile; fileRef = 01E233031C5C71C700670E32 /* LaunchScreen.storyboard */; };
		01E233101C5C71C700670E32 /* test_workspaceTests.swift in Sources */ = {isa = PBXBuildFile; fileRef = 01E2330F1C5C71C700670E32 /* test_workspaceTests.swift */; };
		01E2331B1C5C71C700670E32 /* test_workspaceUITests.swift in Sources */ = {isa = PBXBuildFile; fileRef = 01E2331A1C5C71C700670E32 /* test_workspaceUITests.swift */; };
/* End PBXBuildFile section */

/* Begin PBXContainerItemProxy section */
		01E2330C1C5C71C700670E32 /* PBXContainerItemProxy */ = {
			isa = PBXContainerItemProxy;
			containerPortal = 01E232EC1C5C71C700670E32 /* Project object */;
			proxyType = 1;
			remoteGlobalIDString = 01E232F31C5C71C700670E32;
			remoteInfo = "test-workspace";
		};
		01E233171C5C71C700670E32 /* PBXContainerItemProxy */ = {
			isa = PBXContainerItemProxy;
			containerPortal = 01E232EC1C5C71C700670E32 /* Project object */;
			proxyType = 1;
			remoteGlobalIDString = 01E232F31C5C71C700670E32;
			remoteInfo = "test-workspace";
		};
/* End PBXContainerItemProxy section */

/* Begin PBXFileReference section */
		01E232F41C5C71C700670E32 /* test-workspace.app */ = {isa = PBXFileReference; explicitFileType = wrapper.application; includeInIndex = 0; path = "test-workspace.app"; sourceTree = BUILT_PRODUCTS_DIR; };
		01E232F71C5C71C700670E32 /* AppDelegate.swift */ = {isa = PBXFileReference; lastKnownFileType = sourcecode.swift; path = AppDelegate.swift; sourceTree = "<group>"; };
		01E232F91C5C71C700670E32 /* ViewController.swift */ = {isa = PBXFileReference; lastKnownFileType = sourcecode.swift; path = ViewController.swift; sourceTree = "<group>"; };
		01E232FC1C5C71C700670E32 /* Base */ = {isa = PBXFileReference; lastKnownFileType = file.storyboard; name = Base; path = Base.lproj/Main.storyboard; sourceTree = "<group>"; };
		01E232FF1C5C71C700670E32 /* test_workspace.xcdatamodel */ = {isa = PBXFileReference; lastKnownFileType = wrapper.xcdatamodel; path = test_workspace.xcdatamodel; sourceTree = "<group>"; };
		01E233011C5C71C700670E32 /* Assets.xcassets */ = {isa = PBXFileReference; lastKnownFileType = folder.assetcatalog; path = Assets.xcassets; sourceTree = "<group>"; };
		01E233041C5C71C700670E32 /* Base */ = {isa = PBXFileReference; lastKnownFileType = file.storyboard; name = Base; path = Base.lproj/LaunchScreen.storyboard; sourceTree = "<group>"; };
		01E233061C5C71C700670E32 /* Info.plist */ = {isa = PBXFileReference; lastKnownFileType = text.plist.xml; path = Info.plist; sourceTree = "<group>"; };
		01E2330B1C5C71C700670E32 /* test-workspaceTests.xctest */ = {isa = PBXFileReference; explicitFileType = wrapper.cfbundle; includeInIndex = 0; path = "test-workspaceTests.xctest"; sourceTree = BUILT_PRODUCTS_DIR; };
		01E2330F1C5C71C700670E32 /* test_workspaceTests.swift */ = {isa = PBXFileReference; lastKnownFileType = sourcecode.swift; path = test_workspaceTests.swift; sourceTree = "<group>"; };
		01E233111C5C71C700670E32 /* Info.plist */ = {isa = PBXFileReference; lastKnownFileType = text.plist.xml; path = Info.plist; sourceTree = "<group>"; };
		01E233161C5C71C700670E32 /* test-workspaceUITests.xctest */ = {isa = PBXFileReference; explicitFileType = wrapper.cfbundle; includeInIndex = 0; path = "test-workspaceUITests.xctest"; sourceTree = BUILT_PRODUCTS_DIR; };
		01E2331A1C5C71C700670E32 /* test_workspaceUITests.swift */ = {isa = PBXFileReference; lastKnownFileType = sourcecode.swift; path = test_workspaceUITests.swift; sourceTree = "<group>"; };
		01E2331C1C5C71C700670E32 /* Info.plist */ = {isa = PBXFileReference; lastKnownFileType = text.plist.xml; path = Info.plist; sourceTree = "<group>"; };
/* End PBXFileReference section */

/* Begin PBXFrameworksBuildPhase section */
		01E232F11C5C71C700670E32 /* Frameworks */ = {
			isa = PBXFrameworksBuildPhase;
			buildActionMask = 2147483647;
			files = (
			);
			runOnlyForDeploymentPostprocessing = 0;
		};
		01E233081C5C71C700670E32 /* Frameworks */ = {
			isa = PBXFrameworksBuildPhase;
			buildActionMask = 2147483647;
			files = (
			);
			runOnlyForDeploymentPostprocessing = 0;
		};
		01E233131C5C71C700670E32 /* Frameworks */ = {
			isa = PBXFrameworksBuildPhase;
			buildActionMask = 2147483647;
			files = (
			);
			runOnlyForDeploymentPostprocessing = 0;
		};
/* End PBXFrameworksBuildPhase section */

/* Begin PBXGroup section */
		01E232EB1C5C71C700670E32 = {
			isa = PBXGroup;
			children = (
				01E232F61C5C71C700670E32 /* test-workspace */,
				01E2330E1C5C71C700670E32 /* test-workspaceTests */,
				01E233191C5C71C700670E32 /* test-workspaceUITests */,
				01E232F51C5C71C700670E32 /* Products */,
			);
			sourceTree = "<group>";
		};
		01E232F51C5C71C700670E32 /* Products */ = {
			isa = PBXGroup;
			children = (
				01E232F41C5C71C700670E32 /* test-workspace.app */,
				01E2330B1C5C71C700670E32 /* test-workspaceTests.xctest */,
				01E233161C5C71C700670E32 /* test-workspaceUITests.xctest */,
			);
			name = Products;
			sourceTree = "<group>";
		};
		01E232F61C5C71C700670E32 /* test-workspace */ = {
			isa = PBXGroup;
			children = (
				01E232F71C5C71C700670E32 /* AppDelegate.swift */,
				01E232F91C5C71C700670E32 /* ViewController.swift */,
				01E232FB1C5C71C700670E32 /* Main.storyboard */,
				01E233011C5C71C700670E32 /* Assets.xcassets */,
				01E233031C5C71C700670E32 /* LaunchScreen.storyboard */,
				01E233061C5C71C700670E32 /* Info.plist */,
				01E232FE1C5C71C700670E32 /* test_workspace.xcdatamodeld */,
			);
			path = "test-workspace";
			sourceTree = "<group>";
		};
		01E2330E1C5C71C700670E32 /* test-workspaceTests */ = {
			isa = PBXGroup;
			children = (
				01E2330F1C5C71C700670E32 /* test_workspaceTests.swift */,
				01E233111C5C71C700670E32 /* Info.plist */,
			);
			path = "test-workspaceTests";
			sourceTree = "<group>";
		};
		01E233191C5C71C700670E32 /* test-workspaceUITests */ = {
			isa = PBXGroup;
			children = (
				01E2331A1C5C71C700670E32 /* test_workspaceUITests.swift */,
				01E2331C1C5C71C700670E32 /* Info.plist */,
			);
			path = "test-workspaceUITests";
			sourceTree = "<group>";
		};
/* End PBXGroup section */

/* Begin PBXNativeTarget section */
		01E232F31C5C71C700670E32 /* test-workspace */ = {
			isa = PBXNativeTarget;
			buildConfigurationList = 01E2331F1C5C71C700670E32 /* Build configuration list for PBXNativeTarget "test-workspace" */;
			buildPhases = (
				01E232F01C5C71C700670E32 /* Sources */,
				01E232F11C5C71C700670E32 /* Frameworks */,
				01E232F21C5C71C700670E32 /* Resources */,
			);
			buildRules = (
			);
			dependencies = (
			);
			name = "test-workspace";
			productName = "test-workspace";
			productReference = 01E232F41C5C71C700670E32 /* test-workspace.app */;
			productType = "com.apple.product-type.application";
		};
		01E2330A1C5C71C700670E32 /* test-workspaceTests */ = {
			isa = PBXNativeTarget;
			buildConfigurationList = 01E233221C5C71C700670E32 /* Build configuration list for PBXNativeTarget "test-workspaceTests" */;
			buildPhases = (
				01E233071C5C71C700670E32 /* Sources */,
				01E233081C5C71C700670E32 /* Frameworks */,
				01E233091C5C71C700670E32 /* Resources */,
			);
			buildRules = (
			);
			dependencies = (
				01E2330D1C5C71C700670E32 /* PBXTargetDependency */,
			);
			name = "test-workspaceTests";
			productName = "test-workspaceTests";
			productReference = 01E2330B1C5C71C700670E32 /* test-workspaceTests.xctest */;
			productType = "com.apple.product-type.bundle.unit-test";
		};
		01E233151C5C71C700670E32 /* test-workspaceUITests */ = {
			isa = PBXNativeTarget;
			buildConfigurationList = 01E233251C5C71C700670E32 /* Build configuration list for PBXNativeTarget "test-workspaceUITests" */;
			buildPhases = (
				01E233121C5C71C700670E32 /* Sources */,
				01E233131C5C71C700670E32 /* Frameworks */,
				01E233141C5C71C700670E32 /* Resources */,
			);
			buildRules = (
			);
			dependencies = (
				01E233181C5C71C700670E32 /* PBXTargetDependency */,
			);
			name = "test-workspaceUITests";
			productName = "test-workspaceUITests";
			productReference = 01E233161C5C71C700670E32 /* test-workspaceUITests.xctest */;
			productType = "com.apple.product-type.bundle.ui-testing";
		};
/* End PBXNativeTarget section */

/* Begin PBXProject section */
		01E232EC1C5C71C700670E32 /* Project object */ = {
			isa = PBXProject;
			attributes = {
				LastSwiftUpdateCheck = 0720;
				LastUpgradeCheck = 0720;
				ORGANIZATIONNAME = "Nickolas Lanasa";
				TargetAttributes = {
					01E232F31C5C71C700670E32 = {
						CreatedOnToolsVersion = 7.2;
					};
					01E2330A1C5C71C700670E32 = {
						CreatedOnToolsVersion = 7.2;
						TestTargetID = 01E232F31C5C71C700670E32;
					};
					01E233151C5C71C700670E32 = {
						CreatedOnToolsVersion = 7.2;
						TestTargetID = 01E232F31C5C71C700670E32;
					};
				};
			};
			buildConfigurationList = 01E232EF1C5C71C700670E32 /* Build configuration list for PBXProject "test-workspace" */;
			compatibilityVersion = "Xcode 3.2";
			developmentRegion = English;
			hasScannedForEncodings = 0;
			knownRegions = (
				en,
				Base,
			);
			mainGroup = 01E232EB1C5C71C700670E32;
			productRefGroup = 01E232F51C5C71C700670E32 /* Products */;
			projectDirPath = "";
			projectRoot = "";
			targets = (
				01E232F31C5C71C700670E32 /* test-workspace */,
				01E2330A1C5C71C700670E32 /* test-workspaceTests */,
				01E233151C5C71C700670E32 /* test-workspaceUITests */,
			);
		};
/* End PBXProject section */

/* Begin PBXResourcesBuildPhase section */
		01E232F21C5C71C700670E32 /* Resources */ = {
			isa = PBXResourcesBuildPhase;
			buildActionMask = 2147483647;
			files = (
				01E233051C5C71C700670E32 /* LaunchScreen.storyboard in Resources */,
				01E233021C5C71C700670E32 /* Assets.xcassets in Resources */,
				01E232FD1C5C71C700670E32 /* Main.storyboard in Resources */,
			);
			runOnlyForDeploymentPostprocessing = 0;
		};
		01E233091C5C71C700670E32 /* Resources */ = {
			isa = PBXResourcesBuildPhase;
			buildActionMask = 2147483647;
			files = (
			);
			runOnlyForDeploymentPostprocessing = 0;
		};
		01E233141C5C71C700670E32 /* Resources */ = {
			isa = PBXResourcesBuildPhase;
			buildActionMask = 2147483647;
			files = (
			);
			runOnlyForDeploymentPostprocessing = 0;
		};
/* End PBXResourcesBuildPhase section */

/* Begin PBXSourcesBuildPhase section */
		01E232F01C5C71C700670E32 /* Sources */ = {
			isa = PBXSourcesBuildPhase;
			buildActionMask = 2147483647;
			files = (
				01E232FA1C5C71C700670E32 /* ViewController.swift in Sources */,
				01E233001C5C71C700670E32 /* test_workspace.xcdatamodeld in Sources */,
				01E232F81C5C71C700670E32 /* AppDelegate.swift in Sources */,
			);
			runOnlyForDeploymentPostprocessing = 0;
		};
		01E233071C5C71C700670E32 /* Sources */ = {
			isa = PBXSourcesBuildPhase;
			buildActionMask = 2147483647;
			files = (
				01E233101C5C71C700670E32 /* test_workspaceTests.swift in Sources */,
			);
			runOnlyForDeploymentPostprocessing = 0;
		};
		01E233121C5C71C700670E32 /* Sources */ = {
			isa = PBXSourcesBuildPhase;
			buildActionMask = 2147483647;
			files = (
				01E2331B1C5C71C700670E32 /* test_workspaceUITests.swift in Sources */,
			);
			runOnlyForDeploymentPostprocessing = 0;
		};
/* End PBXSourcesBuildPhase section */

/* Begin PBXTargetDependency section */
		01E2330D1C5C71C700670E32 /* PBXTargetDependency */ = {
			isa = PBXTargetDependency;
			target = 01E232F31C5C71C700670E32 /* test-workspace */;
			targetProxy = 01E2330C1C5C71C700670E32 /* PBXContainerItemProxy */;
		};
		01E233181C5C71C700670E32 /* PBXTargetDependency */ = {
			isa = PBXTargetDependency;
			target = 01E232F31C5C71C700670E32 /* test-workspace */;
			targetProxy = 01E233171C5C71C700670E32 /* PBXContainerItemProxy */;
		};
/* End PBXTargetDependency section */

/* Begin PBXVariantGroup section */
		01E232FB1C5C71C700670E32 /* Main.storyboard */ = {
			isa = PBXVariantGroup;
			children = (
				01E232FC1C5C71C700670E32 /* Base */,
			);
			name = Main.storyboard;
			sourceTree = "<group>";
		};
		01E233031C5C71C700670E32 /* LaunchScreen.storyboard */ = {
			isa = PBXVariantGroup;
			children = (
				01E233041C5C71C700670E32 /* Base */,
			);
			name = LaunchScreen.storyboard;
			sourceTree = "<group>";
		};
/* End PBXVariantGroup section */

/* Begin XCBuildConfiguration section */
		01E2331D1C5C71C700670E32 /* Debug */ = {
			isa = XCBuildConfiguration;
			buildSettings = {
				ALWAYS_SEARCH_USER_PATHS = NO;
				CLANG_CXX_LANGUAGE_STANDARD = "gnu++0x";
				CLANG_CXX_LIBRARY = "libc++";
				CLANG_ENABLE_MODULES = YES;
				CLANG_ENABLE_OBJC_ARC = YES;
				CLANG_WARN_BOOL_CONVERSION = YES;
				CLANG_WARN_CONSTANT_CONVERSION = YES;
				CLANG_WARN_DIRECT_OBJC_ISA_USAGE = YES_ERROR;
				CLANG_WARN_EMPTY_BODY = YES;
				CLANG_WARN_ENUM_CONVERSION = YES;
				CLANG_WARN_INT_CONVERSION = YES;
				CLANG_WARN_OBJC_ROOT_CLASS = YES_ERROR;
				CLANG_WARN_UNREACHABLE_CODE = YES;
				CLANG_WARN__DUPLICATE_METHOD_MATCH = YES;
				"CODE_SIGN_IDENTITY[sdk=iphoneos*]" = "iPhone Developer";
				COPY_PHASE_STRIP = NO;
				DEBUG_INFORMATION_FORMAT = dwarf;
				ENABLE_STRICT_OBJC_MSGSEND = YES;
				ENABLE_TESTABILITY = YES;
				GCC_C_LANGUAGE_STANDARD = gnu99;
				GCC_DYNAMIC_NO_PIC = NO;
				GCC_NO_COMMON_BLOCKS = YES;
				GCC_OPTIMIZATION_LEVEL = 0;
				GCC_PREPROCESSOR_DEFINITIONS = (
					"DEBUG=1",
					"$(inherited)",
				);
				GCC_WARN_64_TO_32_BIT_CONVERSION = YES;
				GCC_WARN_ABOUT_RETURN_TYPE = YES_ERROR;
				GCC_WARN_UNDECLARED_SELECTOR = YES;
				GCC_WARN_UNINITIALIZED_AUTOS = YES_AGGRESSIVE;
				GCC_WARN_UNUSED_FUNCTION = YES;
				GCC_WARN_UNUSED_VARIABLE = YES;
				IPHONEOS_DEPLOYMENT_TARGET = 9.2;
				MTL_ENABLE_DEBUG_INFO = YES;
				ONLY_ACTIVE_ARCH = YES;
				SDKROOT = iphoneos;
				SWIFT_OPTIMIZATION_LEVEL = "-Onone";
				TARGETED_DEVICE_FAMILY = "1,2";
			};
			name = Debug;
		};
		01E2331E1C5C71C700670E32 /* Release */ = {
			isa = XCBuildConfiguration;
			buildSettings = {
				ALWAYS_SEARCH_USER_PATHS = NO;
				CLANG_CXX_LANGUAGE_STANDARD = "gnu++0x";
				CLANG_CXX_LIBRARY = "libc++";
				CLANG_ENABLE_MODULES = YES;
				CLANG_ENABLE_OBJC_ARC = YES;
				CLANG_WARN_BOOL_CONVERSION = YES;
				CLANG_WARN_CONSTANT_CONVERSION = YES;
				CLANG_WARN_DIRECT_OBJC_ISA_USAGE = YES_ERROR;
				CLANG_WARN_EMPTY_BODY = YES;
				CLANG_WARN_ENUM_CONVERSION = YES;
				CLANG_WARN_INT_CONVERSION = YES;
				CLANG_WARN_OBJC_ROOT_CLASS = YES_ERROR;
				CLANG_WARN_UNREACHABLE_CODE = YES;
				CLANG_WARN__DUPLICATE_METHOD_MATCH = YES;
				"CODE_SIGN_IDENTITY[sdk=iphoneos*]" = "iPhone Developer";
				COPY_PHASE_STRIP = NO;
				DEBUG_INFORMATION_FORMAT = "dwarf-with-dsym";
				ENABLE_NS_ASSERTIONS = NO;
				ENABLE_STRICT_OBJC_MSGSEND = YES;
				GCC_C_LANGUAGE_STANDARD = gnu99;
				GCC_NO_COMMON_BLOCKS = YES;
				GCC_WARN_64_TO_32_BIT_CONVERSION = YES;
				GCC_WARN_ABOUT_RETURN_TYPE = YES_ERROR;
				GCC_WARN_UNDECLARED_SELECTOR = YES;
				GCC_WARN_UNINITIALIZED_AUTOS = YES_AGGRESSIVE;
				GCC_WARN_UNUSED_FUNCTION = YES;
				GCC_WARN_UNUSED_VARIABLE = YES;
				IPHONEOS_DEPLOYMENT_TARGET = 9.2;
				MTL_ENABLE_DEBUG_INFO = NO;
				SDKROOT = iphoneos;
				TARGETED_DEVICE_FAMILY = "1,2";
				VALIDATE_PRODUCT = YES;
			};
			name = Release;
		};
		01E233201C5C71C700670E32 /* Debug */ = {
			isa = XCBuildConfiguration;
			buildSettings = {
				ASSETCATALOG_COMPILER_APPICON_NAME = AppIcon;
				INFOPLIST_FILE = "test-workspace/Info.plist";
				IPHONEOS_DEPLOYMENT_TARGET = 8.0;
				LD_RUNPATH_SEARCH_PATHS = "$(inherited) @executable_path/Frameworks";
				PRODUCT_BUNDLE_IDENTIFIER = "xcodemode.test-workspace";
				PRODUCT_NAME = "$(TARGET_NAME)";
			};
			name = Debug;
		};
		01E233211C5C71C700670E32 /* Release */ = {
			isa = XCBuildConfiguration;
			buildSettings = {
				ASSETCATALOG_COMPILER_APPICON_NAME = AppIcon;
				INFOPLIST_FILE = "test-workspace/Info.plist";
				IPHONEOS_DEPLOYMENT_TARGET = 8.0;
				LD_RUNPATH_SEARCH_PATHS = "$(inherited) @executable_path/Frameworks";
				PRODUCT_BUNDLE_IDENTIFIER = "xcodemode.test-workspace";
				PRODUCT_NAME = "$(TARGET_NAME)";
			};
			name = Release;
		};
		01E233231C5C71C700670E32 /* Debug */ = {
			isa = XCBuildConfiguration;
			buildSettings = {
				BUNDLE_LOADER = "$(TEST_HOST)";
				INFOPLIST_FILE = "test-workspaceTests/Info.plist";
				LD_RUNPATH_SEARCH_PATHS = "$(inherited) @executable_path/Frameworks @loader_path/Frameworks";
				PRODUCT_BUNDLE_IDENTIFIER = "xcodemode.test-workspaceTests";
				PRODUCT_NAME = "$(TARGET_NAME)";
				TEST_HOST = "$(BUILT_PRODUCTS_DIR)/test-workspace.app/test-workspace";
			};
			name = Debug;
		};
		01E233241C5C71C700670E32 /* Release */ = {
			isa = XCBuildConfiguration;
			buildSettings = {
				BUNDLE_LOADER = "$(TEST_HOST)";
				INFOPLIST_FILE = "test-workspaceTests/Info.plist";
				LD_RUNPATH_SEARCH_PATHS = "$(inherited) @executable_path/Frameworks @loader_path/Frameworks";
				PRODUCT_BUNDLE_IDENTIFIER = "xcodemode.test-workspaceTests";
				PRODUCT_NAME = "$(TARGET_NAME)";
				TEST_HOST = "$(BUILT_PRODUCTS_DIR)/test-workspace.app/test-workspace";
			};
			name = Release;
		};
		01E233261C5C71C700670E32 /* Debug */ = {
			isa = XCBuildConfiguration;
			buildSettings = {
				INFOPLIST_FILE = "test-workspaceUITests/Info.plist";
				LD_RUNPATH_SEARCH_PATHS = "$(inherited) @executable_path/Frameworks @loader_path/Frameworks";
				PRODUCT_BUNDLE_IDENTIFIER = "xcodemode.test-workspaceUITests";
				PRODUCT_NAME = "$(TARGET_NAME)";
				TEST_TARGET_NAME = "test-workspace";
				USES_XCTRUNNER = YES;
			};
			name = Debug;
		};
		01E233271C5C71C700670E32 /* Release */ = {
			isa = XCBuildConfiguration;
			buildSettings = {
				INFOPLIST_FILE = "test-workspaceUITests/Info.plist";
				LD_RUNPATH_SEARCH_PATHS = "$(inherited) @executable_path/Frameworks @loader_path/Frameworks";
				PRODUCT_BUNDLE_IDENTIFIER = "xcodemode.test-workspaceUITests";
				PRODUCT_NAME = "$(TARGET_NAME)";
				TEST_TARGET_NAME = "test-workspace";
				USES_XCTRUNNER = YES;
			};
			name = Release;
		};
/* End XCBuildConfiguration section */

/* Begin XCConfigurationList section */
		01E232EF1C5C71C700670E32 /* Build configuration list for PBXProject "test-workspace" */ = {
			isa = XCConfigurationList;
			buildConfigurations = (
				01E2331D1C5C71C700670E32 /* Debug */,
				01E2331E1C5C71C700670E32 /* Release */,
			);
			defaultConfigurationIsVisible = 0;
			defaultConfigurationName = Release;
		};
		01E2331F1C5C71C700670E32 /* Build configuration list for PBXNativeTarget "test-workspace" */ = {
			isa = XCConfigurationList;
			buildConfigurations = (
				01E233201C5C71C700670E32 /* Debug */,
				01E233211C5C71C700670E32 /* Release */,
			);
			defaultConfigurationIsVisible = 0;
			defaultConfigurationName = Release;
		};
		01E233221C5C71C700670E32 /* Build configuration list for PBXNativeTarget "test-workspaceTests" */ = {
			isa = XCConfigurationList;
			buildConfigurations = (
				01E233231C5C71C700670E32 /* Debug */,
				01E233241C5C71C700670E32 /* Release */,
			);
			defaultConfigurationIsVisible = 0;
			defaultConfigurationName = Release;
		};
		01E233251C5C71C700670E32 /* Build configuration list for PBXNativeTarget "test-workspaceUITests" */ = {
			isa = XCConfigurationList;
			buildConfigurations = (
				01E233261C5C71C700670E32 /* Debug */,
				01E233271C5C71C700670E32 /* Release */,
			);
			defaultConfigurationIsVisible = 0;
			defaultConfigurationName = Release;
		};
/* End XCConfigurationList section */

/* Begin XCVersionGroup section */
		01E232FE1C5C71C700670E32 /* test_workspace.xcdatamodeld */ = {
			isa = XCVersionGroup;
			children = (
				01E232FF1C5C71C700670E32 /* test_workspace.xcdatamodel */,
			);
			currentVersion = 01E232FF1C5C71C700670E32 /* test_workspace.xcdatamodel */;
			path = test_workspace.xcdatamodeld;
			sourceTree = "<group>";
			versionGroupType = wrapper.xcdatamodel;
		};
/* End XCVersionGroup section */
	};
	rootObject = 01E232EC1C5C71C700670E32 /* Project object */;
}
