// !$*UTF8*$!
{
	archiveVersion = 1;
	classes = {
	};
	objectVersion = 46;
	objects = {

/* Begin PBXBuildFile section */
		01E232BB1C5C70FB00670E32 /* AppDelegate.swift in Sources */ = {isa = PBXBuildFile; fileRef = 01E232BA1C5C70FB00670E32 /* AppDelegate.swift */; };
		01E232BD1C5C70FB00670E32 /* ViewController.swift in Sources */ = {isa = PBXBuildFile; fileRef = 01E232BC1C5C70FB00670E32 /* ViewController.swift */; };
		01E232C01C5C70FB00670E32 /* Main.storyboard in Resources */ = {isa = PBXBuildFile; fileRef = 01E232BE1C5C70FB00670E32 /* Main.storyboard */; };
		01E232C31C5C70FB00670E32 /* test_project.xcdatamodeld in Sources */ = {isa = PBXBuildFile; fileRef = 01E232C11C5C70FB00670E32 /* test_project.xcdatamodeld */; };
		01E232C51C5C70FB00670E32 /* Assets.xcassets in Resources */ = {isa = PBXBuildFile; fileRef = 01E232C41C5C70FB00670E32 /* Assets.xcassets */; };
		01E232C81C5C70FB00670E32 /* LaunchScreen.storyboard in Resources */ = {isa = PBXBuildFile; fileRef = 01E232C61C5C70FB00670E32 /* LaunchScreen.storyboard */; };
		01E232D31C5C70FC00670E32 /* test_projectTests.swift in Sources */ = {isa = PBXBuildFile; fileRef = 01E232D21C5C70FC00670E32 /* test_projectTests.swift */; };
		01E232DE1C5C70FC00670E32 /* test_projectUITests.swift in Sources */ = {isa = PBXBuildFile; fileRef = 01E232DD1C5C70FC00670E32 /* test_projectUITests.swift */; };
/* End PBXBuildFile section */

/* Begin PBXContainerItemProxy section */
		01E232CF1C5C70FC00670E32 /* PBXContainerItemProxy */ = {
			isa = PBXContainerItemProxy;
			containerPortal = 01E232AF1C5C70FB00670E32 /* Project object */;
			proxyType = 1;
			remoteGlobalIDString = 01E232B61C5C70FB00670E32;
			remoteInfo = "test-project";
		};
		01E232DA1C5C70FC00670E32 /* PBXContainerItemProxy */ = {
			isa = PBXContainerItemProxy;
			containerPortal = 01E232AF1C5C70FB00670E32 /* Project object */;
			proxyType = 1;
			remoteGlobalIDString = 01E232B61C5C70FB00670E32;
			remoteInfo = "test-project";
		};
/* End PBXContainerItemProxy section */

/* Begin PBXFileReference section */
		01E232B71C5C70FB00670E32 /* test-project.app */ = {isa = PBXFileReference; explicitFileType = wrapper.application; includeInIndex = 0; path = "test-project.app"; sourceTree = BUILT_PRODUCTS_DIR; };
		01E232BA1C5C70FB00670E32 /* AppDelegate.swift */ = {isa = PBXFileReference; lastKnownFileType = sourcecode.swift; path = AppDelegate.swift; sourceTree = "<group>"; };
		01E232BC1C5C70FB00670E32 /* ViewController.swift */ = {isa = PBXFileReference; lastKnownFileType = sourcecode.swift; path = ViewController.swift; sourceTree = "<group>"; };
		01E232BF1C5C70FB00670E32 /* Base */ = {isa = PBXFileReference; lastKnownFileType = file.storyboard; name = Base; path = Base.lproj/Main.storyboard; sourceTree = "<group>"; };
		01E232C21C5C70FB00670E32 /* test_project.xcdatamodel */ = {isa = PBXFileReference; lastKnownFileType = wrapper.xcdatamodel; path = test_project.xcdatamodel; sourceTree = "<group>"; };
		01E232C41C5C70FB00670E32 /* Assets.xcassets */ = {isa = PBXFileReference; lastKnownFileType = folder.assetcatalog; path = Assets.xcassets; sourceTree = "<group>"; };
		01E232C71C5C70FB00670E32 /* Base */ = {isa = PBXFileReference; lastKnownFileType = file.storyboard; name = Base; path = Base.lproj/LaunchScreen.storyboard; sourceTree = "<group>"; };
		01E232C91C5C70FB00670E32 /* Info.plist */ = {isa = PBXFileReference; lastKnownFileType = text.plist.xml; path = Info.plist; sourceTree = "<group>"; };
		01E232CE1C5C70FC00670E32 /* test-projectTests.xctest */ = {isa = PBXFileReference; explicitFileType = wrapper.cfbundle; includeInIndex = 0; path = "test-projectTests.xctest"; sourceTree = BUILT_PRODUCTS_DIR; };
		01E232D21C5C70FC00670E32 /* test_projectTests.swift */ = {isa = PBXFileReference; lastKnownFileType = sourcecode.swift; path = test_projectTests.swift; sourceTree = "<group>"; };
		01E232D41C5C70FC00670E32 /* Info.plist */ = {isa = PBXFileReference; lastKnownFileType = text.plist.xml; path = Info.plist; sourceTree = "<group>"; };
		01E232D91C5C70FC00670E32 /* test-projectUITests.xctest */ = {isa = PBXFileReference; explicitFileType = wrapper.cfbundle; includeInIndex = 0; path = "test-projectUITests.xctest"; sourceTree = BUILT_PRODUCTS_DIR; };
		01E232DD1C5C70FC00670E32 /* test_projectUITests.swift */ = {isa = PBXFileReference; lastKnownFileType = sourcecode.swift; path = test_projectUITests.swift; sourceTree = "<group>"; };
		01E232DF1C5C70FC00670E32 /* Info.plist */ = {isa = PBXFileReference; lastKnownFileType = text.plist.xml; path = Info.plist; sourceTree = "<group>"; };
/* End PBXFileReference section */

/* Begin PBXFrameworksBuildPhase section */
		01E232B41C5C70FB00670E32 /* Frameworks */ = {
			isa = PBXFrameworksBuildPhase;
			buildActionMask = 2147483647;
			files = (
			);
			runOnlyForDeploymentPostprocessing = 0;
		};
		01E232CB1C5C70FC00670E32 /* Frameworks */ = {
			isa = PBXFrameworksBuildPhase;
			buildActionMask = 2147483647;
			files = (
			);
			runOnlyForDeploymentPostprocessing = 0;
		};
		01E232D61C5C70FC00670E32 /* Frameworks */ = {
			isa = PBXFrameworksBuildPhase;
			buildActionMask = 2147483647;
			files = (
			);
			runOnlyForDeploymentPostprocessing = 0;
		};
/* End PBXFrameworksBuildPhase section */

/* Begin PBXGroup section */
		01E232AE1C5C70FB00670E32 = {
			isa = PBXGroup;
			children = (
				01E232B91C5C70FB00670E32 /* test-project */,
				01E232D11C5C70FC00670E32 /* test-projectTests */,
				01E232DC1C5C70FC00670E32 /* test-projectUITests */,
				01E232B81C5C70FB00670E32 /* Products */,
			);
			sourceTree = "<group>";
		};
		01E232B81C5C70FB00670E32 /* Products */ = {
			isa = PBXGroup;
			children = (
				01E232B71C5C70FB00670E32 /* test-project.app */,
				01E232CE1C5C70FC00670E32 /* test-projectTests.xctest */,
				01E232D91C5C70FC00670E32 /* test-projectUITests.xctest */,
			);
			name = Products;
			sourceTree = "<group>";
		};
		01E232B91C5C70FB00670E32 /* test-project */ = {
			isa = PBXGroup;
			children = (
				01E232BA1C5C70FB00670E32 /* AppDelegate.swift */,
				01E232BC1C5C70FB00670E32 /* ViewController.swift */,
				01E232BE1C5C70FB00670E32 /* Main.storyboard */,
				01E232C41C5C70FB00670E32 /* Assets.xcassets */,
				01E232C61C5C70FB00670E32 /* LaunchScreen.storyboard */,
				01E232C91C5C70FB00670E32 /* Info.plist */,
				01E232C11C5C70FB00670E32 /* test_project.xcdatamodeld */,
			);
			path = "test-project";
			sourceTree = "<group>";
		};
		01E232D11C5C70FC00670E32 /* test-projectTests */ = {
			isa = PBXGroup;
			children = (
				01E232D21C5C70FC00670E32 /* test_projectTests.swift */,
				01E232D41C5C70FC00670E32 /* Info.plist */,
			);
			path = "test-projectTests";
			sourceTree = "<group>";
		};
		01E232DC1C5C70FC00670E32 /* test-projectUITests */ = {
			isa = PBXGroup;
			children = (
				01E232DD1C5C70FC00670E32 /* test_projectUITests.swift */,
				01E232DF1C5C70FC00670E32 /* Info.plist */,
			);
			path = "test-projectUITests";
			sourceTree = "<group>";
		};
/* End PBXGroup section */

/* Begin PBXNativeTarget section */
		01E232B61C5C70FB00670E32 /* test-project */ = {
			isa = PBXNativeTarget;
			buildConfigurationList = 01E232E21C5C70FC00670E32 /* Build configuration list for PBXNativeTarget "test-project" */;
			buildPhases = (
				01E232B31C5C70FB00670E32 /* Sources */,
				01E232B41C5C70FB00670E32 /* Frameworks */,
				01E232B51C5C70FB00670E32 /* Resources */,
			);
			buildRules = (
			);
			dependencies = (
			);
			name = "test-project";
			productName = "test-project";
			productReference = 01E232B71C5C70FB00670E32 /* test-project.app */;
			productType = "com.apple.product-type.application";
		};
		01E232CD1C5C70FC00670E32 /* test-projectTests */ = {
			isa = PBXNativeTarget;
			buildConfigurationList = 01E232E51C5C70FC00670E32 /* Build configuration list for PBXNativeTarget "test-projectTests" */;
			buildPhases = (
				01E232CA1C5C70FC00670E32 /* Sources */,
				01E232CB1C5C70FC00670E32 /* Frameworks */,
				01E232CC1C5C70FC00670E32 /* Resources */,
			);
			buildRules = (
			);
			dependencies = (
				01E232D01C5C70FC00670E32 /* PBXTargetDependency */,
			);
			name = "test-projectTests";
			productName = "test-projectTests";
			productReference = 01E232CE1C5C70FC00670E32 /* test-projectTests.xctest */;
			productType = "com.apple.product-type.bundle.unit-test";
		};
		01E232D81C5C70FC00670E32 /* test-projectUITests */ = {
			isa = PBXNativeTarget;
			buildConfigurationList = 01E232E81C5C70FC00670E32 /* Build configuration list for PBXNativeTarget "test-projectUITests" */;
			buildPhases = (
				01E232D51C5C70FC00670E32 /* Sources */,
				01E232D61C5C70FC00670E32 /* Frameworks */,
				01E232D71C5C70FC00670E32 /* Resources */,
			);
			buildRules = (
			);
			dependencies = (
				01E232DB1C5C70FC00670E32 /* PBXTargetDependency */,
			);
			name = "test-projectUITests";
			productName = "test-projectUITests";
			productReference = 01E232D91C5C70FC00670E32 /* test-projectUITests.xctest */;
			productType = "com.apple.product-type.bundle.ui-testing";
		};
/* End PBXNativeTarget section */

/* Begin PBXProject section */
		01E232AF1C5C70FB00670E32 /* Project object */ = {
			isa = PBXProject;
			attributes = {
				LastSwiftUpdateCheck = 0720;
				LastUpgradeCheck = 0720;
				TargetAttributes = {
					01E232B61C5C70FB00670E32 = {
						CreatedOnToolsVersion = 7.2;
					};
					01E232CD1C5C70FC00670E32 = {
						CreatedOnToolsVersion = 7.2;
						TestTargetID = 01E232B61C5C70FB00670E32;
					};
					01E232D81C5C70FC00670E32 = {
						CreatedOnToolsVersion = 7.2;
						TestTargetID = 01E232B61C5C70FB00670E32;
					};
				};
			};
			buildConfigurationList = 01E232B21C5C70FB00670E32 /* Build configuration list for PBXProject "test-project" */;
			compatibilityVersion = "Xcode 3.2";
			developmentRegion = English;
			hasScannedForEncodings = 0;
			knownRegions = (
				en,
				Base,
			);
			mainGroup = 01E232AE1C5C70FB00670E32;
			productRefGroup = 01E232B81C5C70FB00670E32 /* Products */;
			projectDirPath = "";
			projectRoot = "";
			targets = (
				01E232B61C5C70FB00670E32 /* test-project */,
				01E232CD1C5C70FC00670E32 /* test-projectTests */,
				01E232D81C5C70FC00670E32 /* test-projectUITests */,
			);
		};
/* End PBXProject section */

/* Begin PBXResourcesBuildPhase section */
		01E232B51C5C70FB00670E32 /* Resources */ = {
			isa = PBXResourcesBuildPhase;
			buildActionMask = 2147483647;
			files = (
				01E232C81C5C70FB00670E32 /* LaunchScreen.storyboard in Resources */,
				01E232C51C5C70FB00670E32 /* Assets.xcassets in Resources */,
				01E232C01C5C70FB00670E32 /* Main.storyboard in Resources */,
			);
			runOnlyForDeploymentPostprocessing = 0;
		};
		01E232CC1C5C70FC00670E32 /* Resources */ = {
			isa = PBXResourcesBuildPhase;
			buildActionMask = 2147483647;
			files = (
			);
			runOnlyForDeploymentPostprocessing = 0;
		};
		01E232D71C5C70FC00670E32 /* Resources */ = {
			isa = PBXResourcesBuildPhase;
			buildActionMask = 2147483647;
			files = (
			);
			runOnlyForDeploymentPostprocessing = 0;
		};
/* End PBXResourcesBuildPhase section */

/* Begin PBXSourcesBuildPhase section */
		01E232B31C5C70FB00670E32 /* Sources */ = {
			isa = PBXSourcesBuildPhase;
			buildActionMask = 2147483647;
			files = (
				01E232BD1C5C70FB00670E32 /* ViewController.swift in Sources */,
				01E232C31C5C70FB00670E32 /* test_project.xcdatamodeld in Sources */,
				01E232BB1C5C70FB00670E32 /* AppDelegate.swift in Sources */,
			);
			runOnlyForDeploymentPostprocessing = 0;
		};
		01E232CA1C5C70FC00670E32 /* Sources */ = {
			isa = PBXSourcesBuildPhase;
			buildActionMask = 2147483647;
			files = (
				01E232D31C5C70FC00670E32 /* test_projectTests.swift in Sources */,
			);
			runOnlyForDeploymentPostprocessing = 0;
		};
		01E232D51C5C70FC00670E32 /* Sources */ = {
			isa = PBXSourcesBuildPhase;
			buildActionMask = 2147483647;
			files = (
				01E232DE1C5C70FC00670E32 /* test_projectUITests.swift in Sources */,
			);
			runOnlyForDeploymentPostprocessing = 0;
		};
/* End PBXSourcesBuildPhase section */

/* Begin PBXTargetDependency section */
		01E232D01C5C70FC00670E32 /* PBXTargetDependency */ = {
			isa = PBXTargetDependency;
			target = 01E232B61C5C70FB00670E32 /* test-project */;
			targetProxy = 01E232CF1C5C70FC00670E32 /* PBXContainerItemProxy */;
		};
		01E232DB1C5C70FC00670E32 /* PBXTargetDependency */ = {
			isa = PBXTargetDependency;
			target = 01E232B61C5C70FB00670E32 /* test-project */;
			targetProxy = 01E232DA1C5C70FC00670E32 /* PBXContainerItemProxy */;
		};
/* End PBXTargetDependency section */

/* Begin PBXVariantGroup section */
		01E232BE1C5C70FB00670E32 /* Main.storyboard */ = {
			isa = PBXVariantGroup;
			children = (
				01E232BF1C5C70FB00670E32 /* Base */,
			);
			name = Main.storyboard;
			sourceTree = "<group>";
		};
		01E232C61C5C70FB00670E32 /* LaunchScreen.storyboard */ = {
			isa = PBXVariantGroup;
			children = (
				01E232C71C5C70FB00670E32 /* Base */,
			);
			name = LaunchScreen.storyboard;
			sourceTree = "<group>";
		};
/* End PBXVariantGroup section */

/* Begin XCBuildConfiguration section */
		01E232E01C5C70FC00670E32 /* Debug */ = {
			isa = XCBuildConfiguration;
			buildSettings = {
				ALWAYS_SEARCH_USER_PATHS = NO;
				CLANG_CXX_LANGUAGE_STANDARD = "gnu++0x";
				CLANG_CXX_LIBRARY = "libc++";
				CLANG_ENABLE_MODULES = YES;
				CLANG_ENABLE_OBJC_ARC = YES;
				CLANG_WARN_BOOL_CONVERSION = YES;
				CLANG_WARN_CONSTANT_CONVERSION = YES;
				CLANG_WARN_DIRECT_OBJC_ISA_USAGE = YES_ERROR;
				CLANG_WARN_EMPTY_BODY = YES;
				CLANG_WARN_ENUM_CONVERSION = YES;
				CLANG_WARN_INT_CONVERSION = YES;
				CLANG_WARN_OBJC_ROOT_CLASS = YES_ERROR;
				CLANG_WARN_UNREACHABLE_CODE = YES;
				CLANG_WARN__DUPLICATE_METHOD_MATCH = YES;
				"CODE_SIGN_IDENTITY[sdk=iphoneos*]" = "iPhone Developer";
				COPY_PHASE_STRIP = NO;
				DEBUG_INFORMATION_FORMAT = dwarf;
				ENABLE_STRICT_OBJC_MSGSEND = YES;
				ENABLE_TESTABILITY = YES;
				GCC_C_LANGUAGE_STANDARD = gnu99;
				GCC_DYNAMIC_NO_PIC = NO;
				GCC_NO_COMMON_BLOCKS = YES;
				GCC_OPTIMIZATION_LEVEL = 0;
				GCC_PREPROCESSOR_DEFINITIONS = (
					"DEBUG=1",
					"$(inherited)",
				);
				GCC_WARN_64_TO_32_BIT_CONVERSION = YES;
				GCC_WARN_ABOUT_RETURN_TYPE = YES_ERROR;
				GCC_WARN_UNDECLARED_SELECTOR = YES;
				GCC_WARN_UNINITIALIZED_AUTOS = YES_AGGRESSIVE;
				GCC_WARN_UNUSED_FUNCTION = YES;
				GCC_WARN_UNUSED_VARIABLE = YES;
				IPHONEOS_DEPLOYMENT_TARGET = 9.2;
				MTL_ENABLE_DEBUG_INFO = YES;
				ONLY_ACTIVE_ARCH = YES;
				SDKROOT = iphoneos;
				SWIFT_OPTIMIZATION_LEVEL = "-Onone";
				TARGETED_DEVICE_FAMILY = "1,2";
			};
			name = Debug;
		};
		01E232E11C5C70FC00670E32 /* Release */ = {
			isa = XCBuildConfiguration;
			buildSettings = {
				ALWAYS_SEARCH_USER_PATHS = NO;
				CLANG_CXX_LANGUAGE_STANDARD = "gnu++0x";
				CLANG_CXX_LIBRARY = "libc++";
				CLANG_ENABLE_MODULES = YES;
				CLANG_ENABLE_OBJC_ARC = YES;
				CLANG_WARN_BOOL_CONVERSION = YES;
				CLANG_WARN_CONSTANT_CONVERSION = YES;
				CLANG_WARN_DIRECT_OBJC_ISA_USAGE = YES_ERROR;
				CLANG_WARN_EMPTY_BODY = YES;
				CLANG_WARN_ENUM_CONVERSION = YES;
				CLANG_WARN_INT_CONVERSION = YES;
				CLANG_WARN_OBJC_ROOT_CLASS = YES_ERROR;
				CLANG_WARN_UNREACHABLE_CODE = YES;
				CLANG_WARN__DUPLICATE_METHOD_MATCH = YES;
				"CODE_SIGN_IDENTITY[sdk=iphoneos*]" = "iPhone Developer";
				COPY_PHASE_STRIP = NO;
				DEBUG_INFORMATION_FORMAT = "dwarf-with-dsym";
				ENABLE_NS_ASSERTIONS = NO;
				ENABLE_STRICT_OBJC_MSGSEND = YES;
				GCC_C_LANGUAGE_STANDARD = gnu99;
				GCC_NO_COMMON_BLOCKS = YES;
				GCC_WARN_64_TO_32_BIT_CONVERSION = YES;
				GCC_WARN_ABOUT_RETURN_TYPE = YES_ERROR;
				GCC_WARN_UNDECLARED_SELECTOR = YES;
				GCC_WARN_UNINITIALIZED_AUTOS = YES_AGGRESSIVE;
				GCC_WARN_UNUSED_FUNCTION = YES;
				GCC_WARN_UNUSED_VARIABLE = YES;
				IPHONEOS_DEPLOYMENT_TARGET = 9.2;
				MTL_ENABLE_DEBUG_INFO = NO;
				SDKROOT = iphoneos;
				TARGETED_DEVICE_FAMILY = "1,2";
				VALIDATE_PRODUCT = YES;
			};
			name = Release;
		};
		01E232E31C5C70FC00670E32 /* Debug */ = {
			isa = XCBuildConfiguration;
			buildSettings = {
				ASSETCATALOG_COMPILER_APPICON_NAME = AppIcon;
				INFOPLIST_FILE = "test-project/Info.plist";
				LD_RUNPATH_SEARCH_PATHS = "$(inherited) @executable_path/Frameworks";
				PRODUCT_BUNDLE_IDENTIFIER = "xcodemode.test-project";
				PRODUCT_NAME = "$(TARGET_NAME)";
			};
			name = Debug;
		};
		01E232E41C5C70FC00670E32 /* Release */ = {
			isa = XCBuildConfiguration;
			buildSettings = {
				ASSETCATALOG_COMPILER_APPICON_NAME = AppIcon;
				INFOPLIST_FILE = "test-project/Info.plist";
				LD_RUNPATH_SEARCH_PATHS = "$(inherited) @executable_path/Frameworks";
				PRODUCT_BUNDLE_IDENTIFIER = "xcodemode.test-project";
				PRODUCT_NAME = "$(TARGET_NAME)";
			};
			name = Release;
		};
		01E232E61C5C70FC00670E32 /* Debug */ = {
			isa = XCBuildConfiguration;
			buildSettings = {
				BUNDLE_LOADER = "$(TEST_HOST)";
				INFOPLIST_FILE = "test-projectTests/Info.plist";
				LD_RUNPATH_SEARCH_PATHS = "$(inherited) @executable_path/Frameworks @loader_path/Frameworks";
				PRODUCT_BUNDLE_IDENTIFIER = "xcodemode.test-projectTests";
				PRODUCT_NAME = "$(TARGET_NAME)";
				TEST_HOST = "$(BUILT_PRODUCTS_DIR)/test-project.app/test-project";
			};
			name = Debug;
		};
		01E232E71C5C70FC00670E32 /* Release */ = {
			isa = XCBuildConfiguration;
			buildSettings = {
				BUNDLE_LOADER = "$(TEST_HOST)";
				INFOPLIST_FILE = "test-projectTests/Info.plist";
				LD_RUNPATH_SEARCH_PATHS = "$(inherited) @executable_path/Frameworks @loader_path/Frameworks";
				PRODUCT_BUNDLE_IDENTIFIER = "xcodemode.test-projectTests";
				PRODUCT_NAME = "$(TARGET_NAME)";
				TEST_HOST = "$(BUILT_PRODUCTS_DIR)/test-project.app/test-project";
			};
			name = Release;
		};
		01E232E91C5C70FC00670E32 /* Debug */ = {
			isa = XCBuildConfiguration;
			buildSettings = {
				INFOPLIST_FILE = "test-projectUITests/Info.plist";
				LD_RUNPATH_SEARCH_PATHS = "$(inherited) @executable_path/Frameworks @loader_path/Frameworks";
				PRODUCT_BUNDLE_IDENTIFIER = "xcodemode.test-projectUITests";
				PRODUCT_NAME = "$(TARGET_NAME)";
				TEST_TARGET_NAME = "test-project";
				USES_XCTRUNNER = YES;
			};
			name = Debug;
		};
		01E232EA1C5C70FC00670E32 /* Release */ = {
			isa = XCBuildConfiguration;
			buildSettings = {
				INFOPLIST_FILE = "test-projectUITests/Info.plist";
				LD_RUNPATH_SEARCH_PATHS = "$(inherited) @executable_path/Frameworks @loader_path/Frameworks";
				PRODUCT_BUNDLE_IDENTIFIER = "xcodemode.test-projectUITests";
				PRODUCT_NAME = "$(TARGET_NAME)";
				TEST_TARGET_NAME = "test-project";
				USES_XCTRUNNER = YES;
			};
			name = Release;
		};
/* End XCBuildConfiguration section */

/* Begin XCConfigurationList section */
		01E232B21C5C70FB00670E32 /* Build configuration list for PBXProject "test-project" */ = {
			isa = XCConfigurationList;
			buildConfigurations = (
				01E232E01C5C70FC00670E32 /* Debug */,
				01E232E11C5C70FC00670E32 /* Release */,
			);
			defaultConfigurationIsVisible = 0;
			defaultConfigurationName = Release;
		};
		01E232E21C5C70FC00670E32 /* Build configuration list for PBXNativeTarget "test-project" */ = {
			isa = XCConfigurationList;
			buildConfigurations = (
				01E232E31C5C70FC00670E32 /* Debug */,
				01E232E41C5C70FC00670E32 /* Release */,
			);
			defaultConfigurationIsVisible = 0;
		};
		01E232E51C5C70FC00670E32 /* Build configuration list for PBXNativeTarget "test-projectTests" */ = {
			isa = XCConfigurationList;
			buildConfigurations = (
				01E232E61C5C70FC00670E32 /* Debug */,
				01E232E71C5C70FC00670E32 /* Release */,
			);
			defaultConfigurationIsVisible = 0;
		};
		01E232E81C5C70FC00670E32 /* Build configuration list for PBXNativeTarget "test-projectUITests" */ = {
			isa = XCConfigurationList;
			buildConfigurations = (
				01E232E91C5C70FC00670E32 /* Debug */,
				01E232EA1C5C70FC00670E32 /* Release */,
			);
			defaultConfigurationIsVisible = 0;
		};
/* End XCConfigurationList section */

/* Begin XCVersionGroup section */
		01E232C11C5C70FB00670E32 /* test_project.xcdatamodeld */ = {
			isa = XCVersionGroup;
			children = (
				01E232C21C5C70FB00670E32 /* test_project.xcdatamodel */,
			);
			currentVersion = 01E232C21C5C70FB00670E32 /* test_project.xcdatamodel */;
			path = test_project.xcdatamodeld;
			sourceTree = "<group>";
			versionGroupType = wrapper.xcdatamodel;
		};
/* End XCVersionGroup section */
	};
	rootObject = 01E232AF1C5C70FB00670E32 /* Project object */;
}
